
Microsoft Visual Studio Solution File, Format Version 12.00
Project("{FAE04EC0-301F-11D3-BF4B-00C04F79EFBC}") = "BulkyBook", "BulkyBook\BulkyBook.csproj", "{2E93D411-9A5D-44EF-A2A4-ED5BD459F091}"
EndProject
Project("{FAE04EC0-301F-11D3-BF4B-00C04F79EFBC}") = "BulkyBook.DataAccess", "BulkyBook.DataAccess\BulkyBook.DataAccess.csproj", "{C7371275-407C-4304-A17C-35DCDF1C96EF}"
EndProject
Project("{FAE04EC0-301F-11D3-BF4B-00C04F79EFBC}") = "BulkyBook.Models", "BulkyBook.Models\BulkyBook.Models.csproj", "{D194F034-DD3C-437B-AA7C-B83CDF001B5F}"
EndProject
Project("{FAE04EC0-301F-11D3-BF4B-00C04F79EFBC}") = "BulkyBook.Utility", "BulkyBook.Utility\BulkyBook.Utility.csproj", "{1130C698-4895-4144-A1C1-BA065EEEB27C}"
EndProject
Global
	GlobalSection(SolutionConfigurationPlatforms) = preSolution
		Debug|Any CPU = Debug|Any CPU
		Release|Any CPU = Release|Any CPU
	EndGlobalSection
	GlobalSection(ProjectConfigurationPlatforms) = postSolution
		{2E93D411-9A5D-44EF-A2A4-ED5BD459F091}.Debug|Any CPU.ActiveCfg = Debug|Any CPU
		{2E93D411-9A5D-44EF-A2A4-ED5BD459F091}.Debug|Any CPU.Build.0 = Debug|Any CPU
		{2E93D411-9A5D-44EF-A2A4-ED5BD459F091}.Release|Any CPU.ActiveCfg = Release|Any CPU
		{2E93D411-9A5D-44EF-A2A4-ED5BD459F091}.Release|Any CPU.Build.0 = Release|Any CPU
		{C7371275-407C-4304-A17C-35DCDF1C96EF}.Debug|Any CPU.ActiveCfg = Debug|Any CPU
		{C7371275-407C-4304-A17C-35DCDF1C96EF}.Debug|Any CPU.Build.0 = Debug|Any CPU
		{C7371275-407C-4304-A17C-35DCDF1C96EF}.Release|Any CPU.ActiveCfg = Release|Any CPU
		{C7371275-407C-4304-A17C-35DCDF1C96EF}.Release|Any CPU.Build.0 = Release|Any CPU
		{D194F034-DD3C-437B-AA7C-B83CDF001B5F}.Debug|Any CPU.ActiveCfg = Debug|Any CPU
		{D194F034-DD3C-437B-AA7C-B83CDF001B5F}.Debug|Any CPU.Build.0 = Debug|Any CPU
		{D194F034-DD3C-437B-AA7C-B83CDF001B5F}.Release|Any CPU.ActiveCfg = Release|Any CPU
		{D194F034-DD3C-437B-AA7C-B83CDF001B5F}.Release|Any CPU.Build.0 = Release|Any CPU
		{1130C698-4895-4144-A1C1-BA065EEEB27C}.Debug|Any CPU.ActiveCfg = Debug|Any CPU
		{1130C698-4895-4144-A1C1-BA065EEEB27C}.Debug|Any CPU.Build.0 = Debug|Any CPU
		{1130C698-4895-4144-A1C1-BA065EEEB27C}.Release|Any CPU.ActiveCfg = Release|Any CPU
		{1130C698-4895-4144-A1C1-BA065EEEB27C}.Release|Any CPU.Build.0 = Release|Any CPU
	EndGlobalSection
EndGlobal
